{
  "name": "exercises",
  "version": "1.0.0",
  "lockfileVersion": 1,
  "requires": true,
  "dependencies": {
    "@hexlet/immutable-fs-trees": {
      "version": "0.7.0",
      "resolved": "https://registry.npmjs.org/@hexlet/immutable-fs-trees/-/immutable-fs-trees-0.7.0.tgz",
      "integrity": "sha512-ZQHijvvmPiuGPecURQtdWgF86dCvq8Rrx3BkW1lYmYgbGIpuQU0482CozbbsKHFGb809FBLBH9luDe6qJ2nA9Q=="
    },
    "lodash": {
      "version": "4.17.20",
      "resolved": "https://registry.npmjs.org/lodash/-/lodash-4.17.20.tgz",
      "integrity": "sha512-PlhdFcillOINfeV7Ni6oF1TAEayyZBoZ8bcshTHqOYJYlrqzRK5hagpagky5o4HfCzzd1TRkXPMFq6cKk9rGmA=="
    }
  }
}
